{
	"name": "Priyansh",
	"version": "10.1.1",
	"lockfileVersion": 2,
	"requires": true,
	"packages": {
		"": {
			"name": "Priyansh",
			"version": "10.1.1",
			"license": "GPL-3.0",
			"dependencies": {
				"@distube/ytdl-core": "^4.13.2",
				"@miraipr0ject/assets": "^1.0.9",
				"@replit/database": "^2.0.2",
				"@supercharge/strings": "^1.28.0",
				"akaneko": "^5.2.3",
				"axios": "^0.26.1",
				"body-parser": "^1.20.0",
				"caesar-salad": "^2.1.0",
				"canvas": "^2.9.3",
				"chalk": "^4.1.2",
				"chalkercli": "^1.6.4",
				"cheerio": "^0.22.0",
				"child_process": "^1.0.2",
				"cloudscraper": "^4.6.0",
				"colors": "^1.4.0",
				"cron": "^2.1.0",
				"crypto": "^1.0.1",
				"crypto-js": "^4.1.1",
				"discord-chatbot": "^2.1.0",
				"eval": "^0.1.8",
				"extract-zip": "^2.0.1",
				"fb-tools": "0.0.1-security",
				"fca-priyansh": "^12.0.0",
				"figlet": "^1.5.2",
				"form-data": "^4.0.0",
				"fs-extra": "^10.1.0",
				"googlethis": "^1.2.9",
				"idioms": "0.0.2",
				"image-downloader": "^4.3.0",
				"jimp": "^0.16.13",
				"knights-canvas": "^1.3.7-a",
				"listen": "^1.0.1",
				"lodash": "^4.17.21",
				"log": "^6.3.1",
				"lyrics-finder": "^21.7.0",
				"mal-scraper": "^2.11.4",
				"minimist": "^1.2.6",
				"moment-timezone": "^0.5.37",
				"movie-info": "^2.0.5",
				"ms": "^2.1.3",
				"nhentai-api": "^3.4.3",
				"node-cron": "^3.0.2",
				"node-fetch": "^2.6.9",
				"node-schedule-tz": "^1.2.1-4",
				"node-superfetch": "^0.2.3",
				"npm": "^9.4.2",
				"npmlog": "^7.0.1",
				"openai": "^3.2.1",
				"opusscript": "0.0.8",
				"os": "^0.1.2",
				"pastebin-api": "^4.0.1",
				"path": "^0.12.7",
				"pidusage": "^3.0.0",
				"ping-monitor": "^0.6.2",
				"random-cat-img": "^1.0.4",
				"readline": "^1.3.0",
				"request": "^2.88.2",
				"semver": "^7.3.7",
				"sequelize": "^6.21.4",
				"simple-youtube-api": "^5.2.1",
				"soundcloud-downloader": "^1.0.0",
				"sqlite3": "^5.1.1",
				"string-similarity": "^4.0.4",
				"systeminformation": "^5.21.11",
				"tinyurl": "^1.1.7",
				"to": "^0.2.9",
				"to-zalgo": "^1.0.1",
				"totp-generator": "0.0.14",
				"uuid-apikey": "^1.5.3",
				"vtuber-wiki": "^1.1.5",
				"websocket-stream": "^5.5.2",
				"wikijs": "^6.3.3",
				"youtube-search-api": "^1.1.0",
				"youtubei.js": "^1.4.5",
				"yt-search": "^2.10.4",
				"ytdl-core": "^4.11.2",
				"zalgo": "0.0.1"
			},
			"devDependencies": {}
		},
		"node_modules/@babel/runtime": {
			"version": "7.24.0",
			"resolved": "https://registry.npmjs.org/@babel/runtime/-/runtime-7.24.0.tgz",
			"integrity": "sha512-Chk32uHMg6TnQdvw2e9IlqPpFX/6NLuK0Ys2PqLb7/gL5uFn9mXvK715FGLlOLQrcO4qIkNHkvPGktzzXexsFw==",
			"dependencies": {
				"regenerator-runtime": "^0.14.0"
			},
			"engines": {
				"node": ">=6.9.0"
			}
		},
		"node_modules/@babel/runtime/node_modules/regenerator-runtime": {
			"version": "0.14.1",
			"resolved": "https://registry.npmjs.org/regenerator-runtime/-/regenerator-runtime-0.14.1.tgz",
			"integrity": "sha512-dYnhHh0nJoMfnkZs6GmmhFknAGRrLznOu5nc9ML+EJxGvrx6H7teuevqVqCuPcPK//3eDrrjQhehXVx9cnkGdw=="
		},
		"node_modules/@distube/ytdl-core": {
			"version": "4.13.3",
			"resolved": "https://registry.npmjs.org/@distube/ytdl-core/-/ytdl-core-4.13.3.tgz",
			"integrity": "sha512-WHVzp0NyUkmdxRkfU8tN7eRquL7bnia2U/EDNWVupCptRo7EToTdBKHwJrDFqvavbXsdqLG/kR1r+1LaPglrFQ==",
			"dependencies": {
				"http-cookie-agent": "^5.0.4",
				"m3u8stream": "^0.8.6",
				"miniget": "^4.2.3",
				"sax": "^1.2.4",
				"tough-cookie": "^4.1.3",
				"undici": "^5.25.2"
			},
			"engines": {
				"node": ">=12"
			}
		},
		"node_modules/@fastify/busboy": {
			"version": "2.1.1",
			"resolved": "https://registry.npmjs.org/@fastify/busboy/-/busboy-2.1.1.tgz",
			"integrity": "sha512-vBZP4NlzfOlerQTnba4aqZoMhE/a9HY7HRqoOPaETQcSQuWEIyZMHGfVu6w9wGtGK5fED5qRs2DteVCjOH60sA==",
			"engines": {
				"node": ">=14"
			}
		},
		"node_modules/@gar/promisify": {
			"version": "1.1.3",
			"resolved": "https://registry.npmjs.org/@gar/promisify/-/promisify-1.1.3.tgz",
			"integrity": "sha512-k2Ty1JcVojjJFwrg/ThKi2ujJ7XNLYaFGNB/bWT9wGR+oSMJHMa5w+CUq6p/pVrKeNNgA7pCqEcjSnHVoqJQFw=="
		},
		"node_modules/@jimp/bmp": {
			"version": "0.16.13",
			"resolved": "https://registry.npmjs.org/@jimp/bmp/-/bmp-0.16.13.tgz",
			"integrity": "sha512-9edAxu7N2FX7vzkdl5Jo1BbACfycUtBQX+XBMcHA2bk62P8R0otgkHg798frgAk/WxQIzwxqOH6wMiCwrlAzdQ==",
			"dependencies": {
				"@babel/runtime": "^7.7.2",
				"@jimp/utils": "^0.16.13",
				"bmp-js": "^0.1.0"
			},
			"peerDependencies": {
				"@jimp/custom": ">=0.3.5"
			}
		},
		"node_modules/@jimp/core": {
			"version": "0.16.13",
			"resolved": "https://registry.npmjs.org/@jimp/core/-/core-0.16.13.tgz",
			"integrity": "sha512-qXpA1tzTnlkTku9yqtuRtS/wVntvE6f3m3GNxdTdtmc+O+Wcg9Xo2ABPMh7Nc0AHbMKzwvwgB2JnjZmlmJEObg==",
			"dependencies": {
				"@babel/runtime": "^7.7.2",
				"@jimp/utils": "^0.16.13",
				"any-base": "^1.1.0",
				"buffer": "^5.2.0",
				"exif-parser": "^0.1.12",
				"file-type": "^16.5.4",
				"load-bmfont": "^1.3.1",
				"mkdirp": "^0.5.1",
				"phin": "^2.9.1",
				"pixelmatch": "^4.0.2",
				"tinycolor2": "^1.4.1"
			}
		},
		"node_modules/@jimp/custom": {
			"version": "0.16.13",
			"resolved": "https://registry.npmjs.org/@jimp/custom/-/custom-0.16.13.tgz",
			"integrity": "sha512-LTATglVUPGkPf15zX1wTMlZ0+AU7cGEGF6ekVF1crA8eHUWsGjrYTB+Ht4E3HTrCok8weQG+K01rJndCp/l4XA==",
			"dependencies": {
				"@babel/runtime": "^7.7.2",
				"@jimp/core": "^0.16.13"
			}
		},
		"node_modules/@jimp/gif": {
			"version": "0.16.13",
			"resolved": "https://registry.npmjs.org/@jimp/gif/-/gif-0.16.13.tgz",
			"integrity": "sha512-yFAMZGv3o+YcjXilMWWwS/bv1iSqykFahFMSO169uVMtfQVfa90kt4/kDwrXNR6Q9i6VHpFiGZMlF2UnHClBvg==",
			"dependencies": {
				"@babel/runtime": "^7.7.2",
				"@jimp/utils": "^0.16.13",
				"gifwrap": "^0.9.2",
				"omggif": "^1.0.9"
			},
			"peerDependencies": {
				"@jimp/custom": ">=0.3.5"
			}
		},
		"node_modules/@jimp/jpeg": {
			"version": "0.16.13",
			"resolved": "https://registry.npmjs.org/@jimp/jpeg/-/jpeg-0.16.13.tgz",
			"integrity": "sha512-BJHlDxzTlCqP2ThqP8J0eDrbBfod7npWCbJAcfkKqdQuFk0zBPaZ6KKaQKyKxmWJ87Z6ohANZoMKEbtvrwz1AA==",
			"dependencies": {
				"@babel/runtime": "^7.7.2",
				"@jimp/utils": "^0.16.13",
				"jpeg-js": "^0.4.2"
			},
			"peerDependencies": {
				"@jimp/custom": ">=0.3.5"
			}
		},
		"node_modules/@jimp/plugin-blit": {
			"version": "0.16.13",
			"resolved": "https://registry.npmjs.org/@jimp/plugin-blit/-/plugin-blit-0.16.13.tgz",
			"integrity": "sha512-8Z1k96ZFxlhK2bgrY1JNWNwvaBeI/bciLM0yDOni2+aZwfIIiC7Y6PeWHTAvjHNjphz+XCt01WQmOYWCn0ML6g==",
			"dependencies": {
				"@babel/runtime": "^7.7.2",
				"@jimp/utils": "^0.16.13"
			},
			"peerDependencies": {
				"@jimp/custom": ">=0.3.5"
			}
		},
		"node_modules/@jimp/plugin-blur": {
			"version": "0.16.13",
			"resolved": "https://registry.npmjs.org/@jimp/plugin-blur/-/plugin-blur-0.16.13.tgz",
			"integrity": "sha512-PvLrfa8vkej3qinlebyhLpksJgCF5aiysDMSVhOZqwH5nQLLtDE9WYbnsofGw4r0VVpyw3H/ANCIzYTyCtP9Cg==",
			"dependencies": {
				"@babel/runtime": "^7.7.2",
				"@jimp/utils": "^0.16.13"
			},
			"peerDependencies": {
				"@jimp/custom": ">=0.3.5"
			}
		},
		"node_modules/@jimp/plugin-circle": {
			"version": "0.16.13",
			"resolved": "https://registry.npmjs.org/@jimp/plugin-circle/-/plugin-circle-0.16.13.tgz",
			"integrity": "sha512-RNave7EFgZrb5V5EpdvJGAEHMnDAJuwv05hKscNfIYxf0kR3KhViBTDy+MoTnMlIvaKFULfwIgaZWzyhuINMzA==",
			"dependencies": {
				"@babel/runtime": "^7.7.2",
				"@jimp/utils": "^0.16.13"
			},
			"peerDependencies": {
				"@jimp/custom": ">=0.3.5"
			}
		},
		"node_modules/@jimp/plugin-color": {
			"version": "0.16.13",
			"resolved": "https://registry.npmjs.org/@jimp/plugin-color/-/plugin-color-0.16.13.tgz",
			"integrity": "sha512-xW+9BtEvoIkkH/Wde9ql4nAFbYLkVINhpgAE7VcBUsuuB34WUbcBl/taOuUYQrPEFQJ4jfXiAJZ2H/rvKjCVnQ==",
			"dependencies": {
				"@babel/runtime": "^7.7.2",
				"@jimp/utils": "^0.16.13",
				"tinycolor2": "^1.4.1"
			},
			"peerDependencies": {
				"@jimp/custom": ">=0.3.5"
			}
		},
		"node_modules/@jimp/plugin-contain": {
			"version": "0.16.13",
			"resolved": "https://registry.npmjs.org/@jimp/plugin-contain/-/plugin-contain-0.16.13.tgz",
			"integrity": "sha512-QayTXw4tXMwU6q6acNTQrTTFTXpNRBe+MgTGMDU0lk+23PjlFCO/9sacflelG8lsp7vNHhAxFeHptDMAksEYzg==",
			"dependencies": {
				"@babel/runtime": "^7.7.2",
				"@jimp/utils": "^0.16.13"
			},
			"peerDependencies": {
				"@jimp/custom": ">=0.3.5",
				"@jimp/plugin-blit": ">=0.3.5",
				"@jimp/plugin-resize": ">=0.3.5",
				"@jimp/plugin-scale": ">=0.3.5"
			}
		},
		"node_modules/@jimp/plugin-cover": {
			"version": "0.16.13",
			"resolved": "https://registry.npmjs.org/@jimp/plugin-cover/-/plugin-cover-0.16.13.tgz",
			"integrity": "sha512-BSsP71GTNaqWRcvkbWuIVH+zK7b3TSNebbhDkFK0fVaUTzHuKMS/mgY4hDZIEVt7Rf5FjadAYtsujHN9w0iSYA==",
			"dependencies": {
				"@babel/runtime": "^7.7.2",
				"@jimp/utils": "^0.16.13"
			},
			"peerDependencies": {
				"@jimp/custom": ">=0.3.5",
				"@jimp/plugin-crop": ">=0.3.5",
				"@jimp/plugin-resize": ">=0.3.5",
				"@jimp/plugin-scale": ">=0.3.5"
			}
		},
		"node_modules/@jimp/plugin-crop": {
			"version": "0.16.13",
			"resolved": "https://registry.npmjs.org/@jimp/plugin-crop/-/plugin-crop-0.16.13.tgz",
			"integrity": "sha512-WEl2tPVYwzYL8OKme6Go2xqiWgKsgxlMwyHabdAU4tXaRwOCnOI7v4021gCcBb9zn/oWwguHuKHmK30Fw2Z/PA==",
			"dependencies": {
				"@babel/runtime": "^7.7.2",
				"@jimp/utils": "^0.16.13"
			},
			"peerDependencies": {
				"@jimp/custom": ">=0.3.5"
			}
		},
		"node_modules/@jimp/plugin-displace": {
			"version": "0.16.13",
			"resolved": "https://registry.npmjs.org/@jimp/plugin-displace/-/plugin-displace-0.16.13.tgz",
			"integrity": "sha512-qt9WKq8vWrcjySa9DyQ0x/RBMHQeiVjdVSY1SJsMjssPUf0pS74qorcuAkGi89biN3YoGUgPkpqECnAWnYwgGA==",
			"dependencies": {
				"@babel/runtime": "^7.7.2",
				"@jimp/utils": "^0.16.13"
			},
			"peerDependencies": {
				"@jimp/custom": ">=0.3.5"
			}
		},
		"node_modules/@jimp/plugin-dither": {
			"version": "0.16.13",
			"resolved": "https://registry.npmjs.org/@jimp/plugin-dither/-/plugin-dither-0.16.13.tgz",
			"integrity": "sha512-5/N3yJggbWQTlGZHQYJPmQXEwR52qaXjEzkp1yRBbtdaekXE3BG/suo0fqeoV/csf8ooI78sJzYmIrxNoWVtgQ==",
			"dependencies": {
				"@babel/runtime": "^7.7.2",
				"@jimp/utils": "^0.16.13"
			},
			"peerDependencies": {
				"@jimp/custom": ">=0.3.5"
			}
		},
		"node_modules/@jimp/plugin-fisheye": {
			"version": "0.16.13",
			"resolved": "https://registry.npmjs.org/@jimp/plugin-fisheye/-/plugin-fisheye-0.16.13.tgz",
			"integrity": "sha512-2rZmTdFbT/cF9lEZIkXCYO0TsT114Q27AX5IAo0Sju6jVQbvIk1dFUTnwLDadTo8wkJlFzGqMQ24Cs8cHWOliA==",
			"dependencies": {
				"@babel/runtime": "^7.7.2",
				"@jimp/utils": "^0.16.13"
			},
			"peerDependencies": {
				"@jimp/custom": ">=0.3.5"
			}
		},
		"node_modules/@jimp/plugin-flip": {
			"version": "0.16.13",
			"resolved": "https://registry.npmjs.org/@jimp/plugin-flip/-/plugin-flip-0.16.13.tgz",
			"integrity": "sha512-EmcgAA74FTc5u7Z+hUO/sRjWwfPPLuOQP5O64x5g4j0T12Bd29IgsYZxoutZo/rb3579+JNa/3wsSEmyVv1EpA==",
			"dependencies": {
				"@babel/runtime": "^7.7.2",
				"@jimp/utils": "^0.16.13"
			},
			"peerDependencies": {
				"@jimp/custom": ">=0.3.5",
				"@jimp/plugin-rotate": ">=0.3.5"
			}
		},
		"node_modules/@jimp/plugin-gaussian": {
			"version": "0.16.13",
			"resolved": "https://registry.npmjs.org/@jimp/plugin-gaussian/-/plugin-gaussian-0.16.13.tgz",
			"integrity": "sha512-A1XKfGQD0iDdIiKqFYi8nZMv4dDVYdxbrmgR7y/CzUHhSYdcmoljLIIsZZM3Iks/Wa353W3vtvkWLuDbQbch1w==",
			"dependencies": {
				"@babel/runtime": "^7.7.2",
				"@jimp/utils": "^0.16.13"
			},
			"peerDependencies": {
				"@jimp/custom": ">=0.3.5"
			}
		},
		"node_modules/@jimp/plugin-invert": {
			"version": "0.16.13",
			"resolved": "https://registry.npmjs.org/@jimp/plugin-invert/-/plugin-invert-0.16.13.tgz",
			"integrity": "sha512-xFMrIn7czEZbdbMzZWuaZFnlLGJDVJ82y5vlsKsXRTG2kcxRsMPXvZRWHV57nSs1YFsNqXSbrC8B98n0E32njQ==",
			"dependencies": {
				"@babel/runtime": "^7.7.2",
				"@jimp/utils": "^0.16.13"
			},
			"peerDependencies": {
				"@jimp/custom": ">=0.3.5"
			}
		},
		"node_modules/@jimp/plugin-mask": {
			"version": "0.16.13",
			"resolved": "https://registry.npmjs.org/@jimp/plugin-mask/-/plugin-mask-0.16.13.tgz",
			"integrity": "sha512-wLRYKVBXql2GAYgt6FkTnCfE+q5NomM7Dlh0oIPGAoMBWDyTx0eYutRK6PlUrRK2yMHuroAJCglICTbxqGzowQ==",
			"dependencies": {
				"@babel/runtime": "^7.7.2",
				"@jimp/utils": "^0.16.13"
			},
			"peerDependencies": {
				"@jimp/custom": ">=0.3.5"
			}
		},
		"node_modules/@jimp/plugin-normalize": {
			"version": "0.16.13",
			"resolved": "https://registry.npmjs.org/@jimp/plugin-normalize/-/plugin-normalize-0.16.13.tgz",
			"integrity": "sha512-3tfad0n9soRna4IfW9NzQdQ2Z3ijkmo21DREHbE6CGcMIxOSvfRdSvf1qQPApxjTSo8LTU4MCi/fidx/NZ0GqQ==",
			"dependencies": {
				"@babel/runtime": "^7.7.2",
				"@jimp/utils": "^0.16.13"
			},
			"peerDependencies": {
				"@jimp/custom": ">=0.3.5"
			}
		},
		"node_modules/@jimp/plugin-print": {
			"version": "0.16.13",
			"resolved": "https://registry.npmjs.org/@jimp/plugin-print/-/plugin-print-0.16.13.tgz",
			"integrity": "sha512-0m6i3p01PGRkGAK9r53hDYrkyMq+tlhLOIbsSTmZyh6HLshUKlTB7eXskF5OpVd5ZUHoltlNc6R+ggvKIzxRFw==",
			"dependencies": {
				"@babel/runtime": "^7.7.2",
				"@jimp/utils": "^0.16.13",
				"load-bmfont": "^1.4.0"
			},
			"peerDependencies": {
				"@jimp/custom": ">=0.3.5",
				"@jimp/plugin-blit": ">=0.3.5"
			}
		},
		"node_modules/@jimp/plugin-resize": {
			"version": "0.16.13",
			"resolved": "https://registry.npmjs.org/@jimp/plugin-resize/-/plugin-resize-0.16.13.tgz",
			"integrity": "sha512-qoqtN8LDknm3fJm9nuPygJv30O3vGhSBD2TxrsCnhtOsxKAqVPJtFVdGd/qVuZ8nqQANQmTlfqTiK9mVWQ7MiQ==",
			"dependencies": {
				"@babel/runtime": "^7.7.2",
				"@jimp/utils": "^0.16.13"
			},
			"peerDependencies": {
				"@jimp/custom": ">=0.3.5"
			}
		},
		"node_modules/@jimp/plugin-rotate": {
			"version": "0.16.13",
			"resolved": "https://registry.npmjs.org/@jimp/plugin-rotate/-/plugin-rotate-0.16.13.tgz",
			"integrity": "sha512-Ev+Jjmj1nHYw897z9C3R9dYsPv7S2/nxdgfFb/h8hOwK0Ovd1k/+yYS46A0uj/JCKK0pQk8wOslYBkPwdnLorw==",
			"dependencies": {
				"@babel/runtime": "^7.7.2",
				"@jimp/utils": "^0.16.13"
			},
			"peerDependencies": {
				"@jimp/custom": ">=0.3.5",
				"@jimp/plugin-blit": ">=0.3.5",
				"@jimp/plugin-crop": ">=0.3.5",
				"@jimp/plugin-resize": ">=0.3.5"
			}
		},
		"node_modules/@jimp/plugin-scale": {
			"version": "0.16.13",
			"resolved": "https://registry.npmjs.org/@jimp/plugin-scale/-/plugin-scale-0.16.13.tgz",
			"integrity": "sha512-05POQaEJVucjTiSGMoH68ZiELc7QqpIpuQlZ2JBbhCV+WCbPFUBcGSmE7w4Jd0E2GvCho/NoMODLwgcVGQA97A==",
			"dependencies": {
				"@babel/runtime": "^7.7.2",
				"@jimp/utils": "^0.16.13"
			},
			"peerDependencies": {
				"@jimp/custom": ">=0.3.5",
				"@jimp/plugin-resize": ">=0.3.5"
			}
		},
		"node_modules/@jimp/plugin-shadow": {
			"version": "0.16.13",
			"resolved": "https://registry.npmjs.org/@jimp/plugin-shadow/-/plugin-shadow-0.16.13.tgz",
			"integrity": "sha512-nmu5VSZ9hsB1JchTKhnnCY+paRBnwzSyK5fhkhtQHHoFD5ArBQ/5wU8y6tCr7k/GQhhGq1OrixsECeMjPoc8Zw==",
			"dependencies": {
				"@babel/runtime": "^7.7.2",
				"@jimp/utils": "^0.16.13"
			},
			"peerDependencies": {
				"@jimp/custom": ">=0.3.5",
				"@jimp/plugin-blur": ">=0.3.5",
				"@jimp/plugin-resize": ">=0.3.5"
			}
		},
		"node_modules/@jimp/plugin-threshold": {
			"version": "0.16.13",
			"resolved": "https://registry.npmjs.org/@jimp/plugin-threshold/-/plugin-threshold-0.16.13.tgz",
			"integrity": "sha512-+3zArBH0OE3Rhjm4HyAokMsZlIq5gpQec33CncyoSwxtRBM2WAhUVmCUKuBo+Lr/2/4ISoY4BWpHKhMLDix6cA==",
			"dependencies": {
				"@babel/runtime": "^7.7.2",
				"@jimp/utils": "^0.16.13"
			},
			"peerDependencies": {
				"@jimp/custom": ">=0.3.5",
				"@jimp/plugin-color": ">=0.8.0",
				"@jimp/plugin-resize": ">=0.8.0"
			}
		},
		"node_modules/@jimp/plugins": {
			"version": "0.16.13",
			"resolved": "https://registry.npmjs.org/@jimp/plugins/-/plugins-0.16.13.tgz",
			"integrity": "sha512-CJLdqODEhEVs4MgWCxpWL5l95sCBlkuSLz65cxEm56X5akIsn4LOlwnKoSEZioYcZUBvHhCheH67AyPTudfnQQ==",
			"dependencies": {
				"@babel/runtime": "^7.7.2",
				"@jimp/plugin-blit": "^0.16.13",
				"@jimp/plugin-blur": "^0.16.13",
				"@jimp/plugin-circle": "^0.16.13",
				"@jimp/plugin-color": "^0.16.13",
				"@jimp/plugin-contain": "^0.16.13",
				"@jimp/plugin-cover": "^0.16.13",
				"@jimp/plugin-crop": "^0.16.13",
				"@jimp/plugin-displace": "^0.16.13",
				"@jimp/plugin-dither": "^0.16.13",
				"@jimp/plugin-fisheye": "^0.16.13",
				"@jimp/plugin-flip": "^0.16.13",
				"@jimp/plugin-gaussian": "^0.16.13",
				"@jimp/plugin-invert": "^0.16.13",
				"@jimp/plugin-mask": "^0.16.13",
				"@jimp/plugin-normalize": "^0.16.13",
				"@jimp/plugin-print": "^0.16.13",
				"@jimp/plugin-resize": "^0.16.13",
				"@jimp/plugin-rotate": "^0.16.13",
				"@jimp/plugin-scale": "^0.16.13",
				"@jimp/plugin-shadow": "^0.16.13",
				"@jimp/plugin-threshold": "^0.16.13",
				"timm": "^1.6.1"
			},
			"peerDependencies": {
				"@jimp/custom": ">=0.3.5"
			}
		},
		"node_modules/@jimp/png": {
			"version": "0.16.13",
			"resolved": "https://registry.npmjs.org/@jimp/png/-/png-0.16.13.tgz",
			"integrity": "sha512-8cGqINvbWJf1G0Her9zbq9I80roEX0A+U45xFby3tDWfzn+Zz8XKDF1Nv9VUwVx0N3zpcG1RPs9hfheG4Cq2kg==",
			"dependencies": {
				"@babel/runtime": "^7.7.2",
				"@jimp/utils": "^0.16.13",
				"pngjs": "^3.3.3"
			},
			"peerDependencies": {
				"@jimp/custom": ">=0.3.5"
			}
		},
		"node_modules/@jimp/tiff": {
			"version": "0.16.13",
			"resolved": "https://registry.npmjs.org/@jimp/tiff/-/tiff-0.16.13.tgz",
			"integrity": "sha512-oJY8d9u95SwW00VPHuCNxPap6Q1+E/xM5QThb9Hu+P6EGuu6lIeLaNBMmFZyblwFbwrH+WBOZlvIzDhi4Dm/6Q==",
			"dependencies": {
				"@babel/runtime": "^7.7.2",
				"utif": "^2.0.1"
			},
			"peerDependencies": {
				"@jimp/custom": ">=0.3.5"
			}
		},
		"node_modules/@jimp/types": {
			"version": "0.16.13",
			"resolved": "https://registry.npmjs.org/@jimp/types/-/types-0.16.13.tgz",
			"integrity": "sha512-mC0yVNUobFDjoYLg4hoUwzMKgNlxynzwt3cDXzumGvRJ7Kb8qQGOWJQjQFo5OxmGExqzPphkirdbBF88RVLBCg==",
			"dependencies": {
				"@babel/runtime": "^7.7.2",
				"@jimp/bmp": "^0.16.13",
				"@jimp/gif": "^0.16.13",
				"@jimp/jpeg": "^0.16.13",
				"@jimp/png": "^0.16.13",
				"@jimp/tiff": "^0.16.13",
				"timm": "^1.6.1"
			},
			"peerDependencies": {
				"@jimp/custom": ">=0.3.5"
			}
		},
		"node_modules/@jimp/utils": {
			"version": "0.16.13",
			"resolved": "https://registry.npmjs.org/@jimp/utils/-/utils-0.16.13.tgz",
			"integrity": "sha512-VyCpkZzFTHXtKgVO35iKN0sYR10psGpV6SkcSeV4oF7eSYlR8Bl6aQLCzVeFjvESF7mxTmIiI3/XrMobVrtxDA==",
			"dependencies": {
				"@babel/runtime": "^7.7.2",
				"regenerator-runtime": "^0.13.3"
			}
		},
		"node_modules/@mapbox/node-pre-gyp": {
			"version": "1.0.11",
			"resolved": "https://registry.npmjs.org/@mapbox/node-pre-gyp/-/node-pre-gyp-1.0.11.tgz",
			"integrity": "sha512-Yhlar6v9WQgUp/He7BdgzOz8lqMQ8sU+jkCq7Wx8Myc5YFJLbEe7lgui/V7G1qB1DJykHSGwreceSaD60Y0PUQ==",
			"dependencies": {
				"detect-libc": "^2.0.0",
				"https-proxy-agent": "^5.0.0",
				"make-dir": "^3.1.0",
				"node-fetch": "^2.6.7",
				"nopt": "^5.0.0",
				"npmlog": "^5.0.1",
				"rimraf": "^3.0.2",
				"semver": "^7.3.5",
				"tar": "^6.1.11"
			},
			"bin": {
				"node-pre-gyp": "bin/node-pre-gyp"
			}
		},
		"node_modules/@mapbox/node-pre-gyp/node_modules/are-we-there-yet": {
			"version": "2.0.0",
			"resolved": "https://registry.npmjs.org/are-we-there-yet/-/are-we-there-yet-2.0.0.tgz",
			"integrity": "sha512-Ci/qENmwHnsYo9xKIcUJN5LeDKdJ6R1Z1j9V/J5wyq8nh/mYPEpIKJbBZXtZjG04HiK7zV/p6Vs9952MrMeUIw==",
			"dependencies": {
				"delegates": "^1.0.0",
				"readable-stream": "^3.6.0"
			},
			"engines": {
				"node": ">=10"
			}
		},
		"node_modules/@mapbox/node-pre-gyp/node_modules/gauge": {
			"version": "3.0.2",
